{
  "requires": true,
  "lockfileVersion": 1,
  "dependencies": {
    "@lit/reactive-element": {
      "version": "1.0.0-rc.2",
      "resolved": "https://globaldevtools.bbva.com:443/artifactory/api/npm/npm-repo/@lit/reactive-element/-/reactive-element-1.0.0-rc.2.tgz",
      "integrity": "sha1-8k26FupXGgjcpw8Xg70speyN4+4="
    },
    "@material/animation": {
      "version": "12.0.0-canary.197f64fa2.0",
      "resolved": "https://globaldevtools.bbva.com:443/artifactory/api/npm/npm-repo/@material/animation/-/animation-12.0.0-canary.197f64fa2.0.tgz",
      "integrity": "sha1-wMpYFhgyC1KrACxMkwIAWNOzans=",
      "requires": {
        "tslib": "^2.1.0"
      }
    },
    "@material/base": {
      "version": "12.0.0-canary.197f64fa2.0",
      "resolved": "https://globaldevtools.bbva.com:443/artifactory/api/npm/npm-repo/@material/base/-/base-12.0.0-canary.197f64fa2.0.tgz",
      "integrity": "sha1-FCwHm3IAVBnVqgtJm0rNNcLFZOM=",
      "requires": {
        "tslib": "^2.1.0"
      }
    },
    "@material/dom": {
      "version": "12.0.0-canary.197f64fa2.0",
      "resolved": "https://globaldevtools.bbva.com:443/artifactory/api/npm/npm-repo/@material/dom/-/dom-12.0.0-canary.197f64fa2.0.tgz",
      "integrity": "sha1-hX/MNkamymzeDtj0wLoSwbzpbaU=",
      "requires": {
        "@material/feature-targeting": "12.0.0-canary.197f64fa2.0",
        "tslib": "^2.1.0"
      }
    },
    "@material/feature-targeting": {
      "version": "12.0.0-canary.197f64fa2.0",
      "resolved": "https://globaldevtools.bbva.com:443/artifactory/api/npm/npm-repo/@material/feature-targeting/-/feature-targeting-12.0.0-canary.197f64fa2.0.tgz",
      "integrity": "sha1-TlXBZk7oMZ01LsmO8jZdeZB0f58=",
      "requires": {
        "tslib": "^2.1.0"
      }
    },
    "@material/mwc-base": {
      "version": "0.21.0",
      "resolved": "https://globaldevtools.bbva.com:443/artifactory/api/npm/npm-repo/@material/mwc-base/-/mwc-base-0.21.0.tgz",
      "integrity": "sha1-joCITL/ExdwbjUYLtAN9/brISv8=",
      "requires": {
        "@material/base": "=12.0.0-canary.197f64fa2.0",
        "@material/dom": "=12.0.0-canary.197f64fa2.0",
        "lit-element": "~2.4.0",
        "tslib": "^2.0.1"
      },
      "dependencies": {
        "lit-element": {
          "version": "2.4.0",
          "resolved": "https://globaldevtools.bbva.com:443/artifactory/api/npm/npm-repo/lit-element/-/lit-element-2.4.0.tgz",
          "integrity": "sha1-siYHoDeo/Aj1qAc23d9/P11AFFI=",
          "requires": {
            "lit-html": "^1.1.1"
          }
        }
      }
    },
    "@material/mwc-button": {
      "version": "0.21.0",
      "resolved": "https://globaldevtools.bbva.com:443/artifactory/api/npm/npm-repo/@material/mwc-button/-/mwc-button-0.21.0.tgz",
      "integrity": "sha1-57/fzRpVwz46jUGzyq2C9TyALAY=",
      "requires": {
        "@material/mwc-icon": "^0.21.0",
        "@material/mwc-ripple": "^0.21.0",
        "lit-element": "~2.4.0",
        "lit-html": "^1.1.2",
        "tslib": "^2.0.1"
      },
      "dependencies": {
        "lit-element": {
          "version": "2.4.0",
          "resolved": "https://globaldevtools.bbva.com:443/artifactory/api/npm/npm-repo/lit-element/-/lit-element-2.4.0.tgz",
          "integrity": "sha1-siYHoDeo/Aj1qAc23d9/P11AFFI=",
          "requires": {
            "lit-html": "^1.1.1"
          }
        }
      }
    },
    "@material/mwc-icon": {
      "version": "0.21.0",
      "resolved": "https://globaldevtools.bbva.com:443/artifactory/api/npm/npm-repo/@material/mwc-icon/-/mwc-icon-0.21.0.tgz",
      "integrity": "sha1-6YreWVp+/Gh6eTg9Ac3wwC/Lsts=",
      "requires": {
        "lit-element": "~2.4.0",
        "tslib": "^2.0.1"
      },
      "dependencies": {
        "lit-element": {
          "version": "2.4.0",
          "resolved": "https://globaldevtools.bbva.com:443/artifactory/api/npm/npm-repo/lit-element/-/lit-element-2.4.0.tgz",
          "integrity": "sha1-siYHoDeo/Aj1qAc23d9/P11AFFI=",
          "requires": {
            "lit-html": "^1.1.1"
          }
        }
      }
    },
    "@material/mwc-ripple": {
      "version": "0.21.0",
      "resolved": "https://globaldevtools.bbva.com:443/artifactory/api/npm/npm-repo/@material/mwc-ripple/-/mwc-ripple-0.21.0.tgz",
      "integrity": "sha1-9YKQzZ5A4vzRxU/OHXZt8Z/sc9U=",
      "requires": {
        "@material/dom": "=12.0.0-canary.197f64fa2.0",
        "@material/mwc-base": "^0.21.0",
        "@material/ripple": "=12.0.0-canary.197f64fa2.0",
        "lit-element": "~2.4.0",
        "lit-html": "^1.1.2",
        "tslib": "^2.0.1"
      },
      "dependencies": {
        "lit-element": {
          "version": "2.4.0",
          "resolved": "https://globaldevtools.bbva.com:443/artifactory/api/npm/npm-repo/lit-element/-/lit-element-2.4.0.tgz",
          "integrity": "sha1-siYHoDeo/Aj1qAc23d9/P11AFFI=",
          "requires": {
            "lit-html": "^1.1.1"
          }
        }
      }
    },
    "@material/ripple": {
      "version": "12.0.0-canary.197f64fa2.0",
      "resolved": "https://globaldevtools.bbva.com:443/artifactory/api/npm/npm-repo/@material/ripple/-/ripple-12.0.0-canary.197f64fa2.0.tgz",
      "integrity": "sha1-w+ltQkBBEbEuoE63LiDDmjwWJhM=",
      "requires": {
        "@material/animation": "12.0.0-canary.197f64fa2.0",
        "@material/base": "12.0.0-canary.197f64fa2.0",
        "@material/dom": "12.0.0-canary.197f64fa2.0",
        "@material/feature-targeting": "12.0.0-canary.197f64fa2.0",
        "@material/theme": "12.0.0-canary.197f64fa2.0",
        "tslib": "^2.1.0"
      }
    },
    "@material/theme": {
      "version": "12.0.0-canary.197f64fa2.0",
      "resolved": "https://globaldevtools.bbva.com:443/artifactory/api/npm/npm-repo/@material/theme/-/theme-12.0.0-canary.197f64fa2.0.tgz",
      "integrity": "sha1-JEOHQlGgzYJ6iCnlXreSo2ZABQg=",
      "requires": {
        "@material/feature-targeting": "12.0.0-canary.197f64fa2.0",
        "tslib": "^2.1.0"
      }
    },
    "@types/trusted-types": {
      "version": "1.0.6",
      "resolved": "https://globaldevtools.bbva.com:443/artifactory/api/npm/npm-repo/@types/trusted-types/-/trusted-types-1.0.6.tgz",
      "integrity": "sha1-VpuKCBIdMgM5gpDWAthNc8jc9do="
    },
    "lit": {
      "version": "2.0.0-rc.2",
      "resolved": "https://globaldevtools.bbva.com:443/artifactory/api/npm/npm-repo/lit/-/lit-2.0.0-rc.2.tgz",
      "integrity": "sha1-ckotYhqgmAAdc79xBvOnK3tZSO8=",
      "requires": {
        "@lit/reactive-element": "^1.0.0-rc.2",
        "lit-element": "^3.0.0-rc.2",
        "lit-html": "^2.0.0-rc.3"
      },
      "dependencies": {
        "lit-element": {
          "version": "3.0.0-rc.2",
          "resolved": "https://globaldevtools.bbva.com:443/artifactory/api/npm/npm-repo/lit-element/-/lit-element-3.0.0-rc.2.tgz",
          "integrity": "sha1-iD0Lb9e4RiJtNgaZ0bcT2l/H4bc=",
          "requires": {
            "@lit/reactive-element": "^1.0.0-rc.2",
            "lit-html": "^2.0.0-rc.3"
          }
        },
        "lit-html": {
          "version": "2.0.0-rc.3",
          "resolved": "https://globaldevtools.bbva.com:443/artifactory/api/npm/npm-repo/lit-html/-/lit-html-2.0.0-rc.3.tgz",
          "integrity": "sha1-HCFuVIYw4Y0wk9l/TilWOrzmWa8=",
          "requires": {
            "@types/trusted-types": "^1.0.1"
          }
        }
      }
    },
    "lit-element": {
      "version": "2.5.1",
      "resolved": "https://globaldevtools.bbva.com:443/artifactory/api/npm/npm-repo/lit-element/-/lit-element-2.5.1.tgz",
      "integrity": "sha1-P6dLEhps0ikCQJrjhZt4R9AaprY=",
      "requires": {
        "lit-html": "^1.1.1"
      }
    },
    "lit-html": {
      "version": "1.4.1",
      "resolved": "https://globaldevtools.bbva.com:443/artifactory/api/npm/npm-repo/lit-html/-/lit-html-1.4.1.tgz",
      "integrity": "sha1-DG8+5K1OthCkmDF4fwR4rY6a5eA="
    },
    "tslib": {
      "version": "2.2.0",
      "resolved": "https://globaldevtools.bbva.com:443/artifactory/api/npm/npm-repo/tslib/-/tslib-2.2.0.tgz",
      "integrity": "sha1-+yxHWXfjXiQTEe3iaTzuHsZpj1w="
    }
  }
}
