{
  "name": "todo-list-101",
  "version": "1.0.0",
  "lockfileVersion": 1,
  "requires": true,
  "dependencies": {
    "@material/animation": {
      "version": "8.0.0-canary.c678a9d34.0",
      "resolved": "https://registry.npmjs.org/@material/animation/-/animation-8.0.0-canary.c678a9d34.0.tgz",
      "integrity": "sha512-1fK4hrw5Aumy0KelPjB8HE+/r6Rqxp3Tagmc4gGkb5pVJDgon9TK0EKh+VaKbgGr7E0PDp+Tk2gVf6fV52MW6A==",
      "requires": {
        "tslib": "^1.9.3"
      }
    },
    "@material/base": {
      "version": "8.0.0-canary.c678a9d34.0",
      "resolved": "https://registry.npmjs.org/@material/base/-/base-8.0.0-canary.c678a9d34.0.tgz",
      "integrity": "sha512-jFSpW520DfZRGI8FoLwAN48KHWjH6xRIuYYzAT8DQXOmaoWHbizWNbpD7voqpoNb39dVW60dKHw0MWYIOBTWGw==",
      "requires": {
        "tslib": "^1.9.3"
      }
    },
    "@material/density": {
      "version": "8.0.0-canary.c678a9d34.0",
      "resolved": "https://registry.npmjs.org/@material/density/-/density-8.0.0-canary.c678a9d34.0.tgz",
      "integrity": "sha512-podGu3A+APZ68a9ZTf+ZLEkuLJ8UWz9qmlfMCtm5C79YnZXigBwyjOVLEmJTc9qoy8JrTil0cYr8I5B4g2Bmqw=="
    },
    "@material/dom": {
      "version": "8.0.0-canary.c678a9d34.0",
      "resolved": "https://registry.npmjs.org/@material/dom/-/dom-8.0.0-canary.c678a9d34.0.tgz",
      "integrity": "sha512-OGWE3wxyYday+zdfPFF+9XNT8y1Qs3Lu5RrMwz3dAVHUUDGI1kgayhw/zPUndhuvNsqRRt9wP75ECUMJa61k3w==",
      "requires": {
        "@material/feature-targeting": "8.0.0-canary.c678a9d34.0",
        "tslib": "^1.9.3"
      }
    },
    "@material/feature-targeting": {
      "version": "8.0.0-canary.c678a9d34.0",
      "resolved": "https://registry.npmjs.org/@material/feature-targeting/-/feature-targeting-8.0.0-canary.c678a9d34.0.tgz",
      "integrity": "sha512-PNcR3Lwrj8DGT5Q4wpaWyZAbYBkb1CVccDpMTtgCCA4jFJBJiujy6iSsayDfv6DmuAJmHTnw+CdoDhtH2KHxkA=="
    },
    "@material/floating-label": {
      "version": "8.0.0-canary.c678a9d34.0",
      "resolved": "https://registry.npmjs.org/@material/floating-label/-/floating-label-8.0.0-canary.c678a9d34.0.tgz",
      "integrity": "sha512-77Cj3YYeuJUGSWnOUG3ZdDLNkZDO1/F+MZJAHB1m2lsj+G+HFK7/bgZtirHeRLsm7/9dxOO72NJRHsWy6X00uw==",
      "requires": {
        "@material/animation": "8.0.0-canary.c678a9d34.0",
        "@material/base": "8.0.0-canary.c678a9d34.0",
        "@material/dom": "8.0.0-canary.c678a9d34.0",
        "@material/feature-targeting": "8.0.0-canary.c678a9d34.0",
        "@material/rtl": "8.0.0-canary.c678a9d34.0",
        "@material/theme": "8.0.0-canary.c678a9d34.0",
        "@material/typography": "8.0.0-canary.c678a9d34.0",
        "tslib": "^1.9.3"
      }
    },
    "@material/line-ripple": {
      "version": "8.0.0-canary.c678a9d34.0",
      "resolved": "https://registry.npmjs.org/@material/line-ripple/-/line-ripple-8.0.0-canary.c678a9d34.0.tgz",
      "integrity": "sha512-aasqE8U3eHjX7ntYO/PLE3ionqr+pDeRiyBcxEiuPgFClsCyX2V1RumAy55mBuC5RPr5uPFmD34c4IErwIPK6Q==",
      "requires": {
        "@material/animation": "8.0.0-canary.c678a9d34.0",
        "@material/base": "8.0.0-canary.c678a9d34.0",
        "@material/feature-targeting": "8.0.0-canary.c678a9d34.0",
        "@material/theme": "8.0.0-canary.c678a9d34.0",
        "tslib": "^1.9.3"
      }
    },
    "@material/list": {
      "version": "8.0.0-canary.c678a9d34.0",
      "resolved": "https://registry.npmjs.org/@material/list/-/list-8.0.0-canary.c678a9d34.0.tgz",
      "integrity": "sha512-uU9fkpjKdUUwzrCY9DDaQdhJKLv07J2i1/05aAG6J5ZtVPGrG1GzfYLw7OjsxAzDF8Jpf+8B1r9Key81f2pkaw==",
      "requires": {
        "@material/base": "8.0.0-canary.c678a9d34.0",
        "@material/density": "8.0.0-canary.c678a9d34.0",
        "@material/dom": "8.0.0-canary.c678a9d34.0",
        "@material/feature-targeting": "8.0.0-canary.c678a9d34.0",
        "@material/ripple": "8.0.0-canary.c678a9d34.0",
        "@material/rtl": "8.0.0-canary.c678a9d34.0",
        "@material/shape": "8.0.0-canary.c678a9d34.0",
        "@material/theme": "8.0.0-canary.c678a9d34.0",
        "@material/typography": "8.0.0-canary.c678a9d34.0",
        "tslib": "^1.9.3"
      }
    },
    "@material/mwc-base": {
      "version": "0.16.1",
      "resolved": "https://registry.npmjs.org/@material/mwc-base/-/mwc-base-0.16.1.tgz",
      "integrity": "sha512-hT13WK69JJlPPKrbdt2e6/rEkBilRiFE6gYJoGU8SBMsGfJQtN1JcpohWUTGKHchDf+SHQikp2JdBE9dRoJKTg==",
      "requires": {
        "@material/base": "=8.0.0-canary.c678a9d34.0",
        "@material/dom": "=8.0.0-canary.c678a9d34.0",
        "lit-element": "^2.3.0",
        "tslib": "^1.10.0"
      }
    },
    "@material/mwc-button": {
      "version": "0.16.1",
      "resolved": "https://registry.npmjs.org/@material/mwc-button/-/mwc-button-0.16.1.tgz",
      "integrity": "sha512-6R2rlkUTW/q+J9SoOjX0MN/Hq5FDWKzoI1iJmAYvvAfUeaHHrT/HR4YbrS3Pyq1cQPX9xg6YI4eiNW81rMeRxQ==",
      "requires": {
        "@material/mwc-icon": "^0.16.1",
        "@material/mwc-ripple": "^0.16.1",
        "lit-element": "^2.3.0",
        "lit-html": "^1.1.2",
        "tslib": "^1.10.0"
      }
    },
    "@material/mwc-checkbox": {
      "version": "0.16.1",
      "resolved": "https://registry.npmjs.org/@material/mwc-checkbox/-/mwc-checkbox-0.16.1.tgz",
      "integrity": "sha512-ExYQfPuqA/70eskUIy0ajyJxKsJKlInMHyghD3oZAWopkn5VmswNhmpzpcCdV+Mkl+YkqfMrBCn48tb+fYT0TQ==",
      "requires": {
        "@material/mwc-base": "^0.16.1",
        "@material/mwc-ripple": "^0.16.1",
        "lit-element": "^2.3.0",
        "lit-html": "^1.1.2",
        "tslib": "^1.10.0"
      }
    },
    "@material/mwc-floating-label": {
      "version": "0.16.1",
      "resolved": "https://registry.npmjs.org/@material/mwc-floating-label/-/mwc-floating-label-0.16.1.tgz",
      "integrity": "sha512-YE5LV6JRZspBeuUFcT2k4O1fErdu2nAvYSAmKwjDxn3dk5e+Cm0emSd1agQ6qFnVumVhLJq9b67rlR9IsSNgJA==",
      "requires": {
        "@material/floating-label": "=8.0.0-canary.c678a9d34.0",
        "lit-html": "^1.1.2",
        "tslib": "^1.10.0"
      }
    },
    "@material/mwc-icon": {
      "version": "0.16.1",
      "resolved": "https://registry.npmjs.org/@material/mwc-icon/-/mwc-icon-0.16.1.tgz",
      "integrity": "sha512-p9CeAwxRzF+2pIwfHTgsk6UuspDlPBLR1UptwxvppsFocdmYlutqgLDUHPriygGBXvp7vdktxVRNtpiOno1I+Q==",
      "requires": {
        "lit-element": "^2.3.0",
        "tslib": "^1.10.0"
      }
    },
    "@material/mwc-line-ripple": {
      "version": "0.16.1",
      "resolved": "https://registry.npmjs.org/@material/mwc-line-ripple/-/mwc-line-ripple-0.16.1.tgz",
      "integrity": "sha512-rrfIrFePuUObbi4K/vwVxEK9pYwKPHl+LeWXX9bhhj3XiGMTxtWi4JYmRtFXksKQ+pZuEaRQSTK5NthV7+NsxQ==",
      "requires": {
        "@material/line-ripple": "=7.0.0-canary.b9776b1d0.0",
        "lit-html": "^1.1.2",
        "tslib": "^1.10.0"
      },
      "dependencies": {
        "@material/animation": {
          "version": "7.0.0-canary.b9776b1d0.0",
          "resolved": "https://registry.npmjs.org/@material/animation/-/animation-7.0.0-canary.b9776b1d0.0.tgz",
          "integrity": "sha512-tsJtxOaMIh4e+tPhy3rlOVjXTC3SpPNrqShCKirUx2dF1RH1xZh1K8mpGGvdqFG5tq9YOucJUZaJ/q24qCdJNg==",
          "requires": {
            "tslib": "^1.9.3"
          }
        },
        "@material/base": {
          "version": "7.0.0-canary.b9776b1d0.0",
          "resolved": "https://registry.npmjs.org/@material/base/-/base-7.0.0-canary.b9776b1d0.0.tgz",
          "integrity": "sha512-oNOSRDJ0H6kc4ExgpIgdDMO7+dBsj+3eU2SyTcp4sZZLybW0iJQIciBgWYIVkkBHOREHQcAuUn2L1837ib+/Pw==",
          "requires": {
            "tslib": "^1.9.3"
          }
        },
        "@material/feature-targeting": {
          "version": "7.0.0-canary.b9776b1d0.0",
          "resolved": "https://registry.npmjs.org/@material/feature-targeting/-/feature-targeting-7.0.0-canary.b9776b1d0.0.tgz",
          "integrity": "sha512-17IL9pjkZsJ/30/KuFF1S9ZvOXt3MfJLmbM2gdjoMSfkeCfChd2fFycPKnJRByo8aJcJjOtimZfCFS5ju02iVg=="
        },
        "@material/line-ripple": {
          "version": "7.0.0-canary.b9776b1d0.0",
          "resolved": "https://registry.npmjs.org/@material/line-ripple/-/line-ripple-7.0.0-canary.b9776b1d0.0.tgz",
          "integrity": "sha512-SFwbqFZdSrkKx0gmGLh5L/FPini0sA/ZoHjVmz41lX628+PPrI3V5BDAM5ssEEF3NJkG2Hmk+GhouopDcQF8KA==",
          "requires": {
            "@material/animation": "7.0.0-canary.b9776b1d0.0",
            "@material/base": "7.0.0-canary.b9776b1d0.0",
            "@material/feature-targeting": "7.0.0-canary.b9776b1d0.0",
            "@material/theme": "7.0.0-canary.b9776b1d0.0",
            "tslib": "^1.9.3"
          }
        },
        "@material/theme": {
          "version": "7.0.0-canary.b9776b1d0.0",
          "resolved": "https://registry.npmjs.org/@material/theme/-/theme-7.0.0-canary.b9776b1d0.0.tgz",
          "integrity": "sha512-Acs3NtPy0cxEI6DfmcsLTjzQiI1yqvgFHoc43LCO/oMkcQuwsRD83vLvVgJSv4ACrXGvA2QIQBH85t3OBTHIQw==",
          "requires": {
            "@material/feature-targeting": "7.0.0-canary.b9776b1d0.0"
          }
        }
      }
    },
    "@material/mwc-list": {
      "version": "0.16.1",
      "resolved": "https://registry.npmjs.org/@material/mwc-list/-/mwc-list-0.16.1.tgz",
      "integrity": "sha512-PevtjMOwYz8xCq3+hzXjR4X1/BUBt9a9UG5z5cW9m4frou37b3dLu3y8z1VNlS9nVVQwW0IjG3meuVV1ia61sg==",
      "requires": {
        "@material/base": "=8.0.0-canary.c678a9d34.0",
        "@material/list": "=8.0.0-canary.c678a9d34.0",
        "@material/mwc-base": "^0.16.1",
        "@material/mwc-checkbox": "^0.16.1",
        "@material/mwc-radio": "^0.16.1",
        "@material/mwc-ripple": "^0.16.1",
        "lit-element": "^2.3.0",
        "lit-html": "^1.1.2",
        "tslib": "^1.10.0"
      }
    },
    "@material/mwc-notched-outline": {
      "version": "0.16.1",
      "resolved": "https://registry.npmjs.org/@material/mwc-notched-outline/-/mwc-notched-outline-0.16.1.tgz",
      "integrity": "sha512-uQgS8SWUadLmaOvWVk7HTacdnvWR0GhXhd9zWkRGgoCRKXMOU82HH1Hl3WbHy8HOaT/bObNVLP1mMCGhNHPM/g==",
      "requires": {
        "@material/mwc-base": "^0.16.1",
        "@material/notched-outline": "=8.0.0-canary.c678a9d34.0",
        "lit-element": "^2.3.0",
        "tslib": "^1.10.0"
      }
    },
    "@material/mwc-radio": {
      "version": "0.16.1",
      "resolved": "https://registry.npmjs.org/@material/mwc-radio/-/mwc-radio-0.16.1.tgz",
      "integrity": "sha512-CwbyllmjVLvryzPdu0WFXKjmTg/k8Valpovw3UNOifx/6Di3WcVHxTToND20L9j29T3NPDVQLb+Ft0n8yjbJHg==",
      "requires": {
        "@material/mwc-base": "^0.16.1",
        "@material/mwc-ripple": "^0.16.1",
        "@material/radio": "=8.0.0-canary.c678a9d34.0",
        "lit-element": "^2.3.0",
        "tslib": "^1.10.0"
      }
    },
    "@material/mwc-ripple": {
      "version": "0.16.1",
      "resolved": "https://registry.npmjs.org/@material/mwc-ripple/-/mwc-ripple-0.16.1.tgz",
      "integrity": "sha512-ASvqpnBdJj5avVR8A2arewgQqaXkcHgRlKln9ueMy+dWX7TsEPUHNgiF8+Nb7P9JhZ+M+q2Ftx5WN+Kx/PDRPw==",
      "requires": {
        "@material/dom": "=8.0.0-canary.c678a9d34.0",
        "@material/mwc-base": "^0.16.1",
        "@material/ripple": "=8.0.0-canary.c678a9d34.0",
        "lit-element": "^2.3.0",
        "lit-html": "^1.1.2",
        "tslib": "^1.10.0"
      }
    },
    "@material/mwc-textfield": {
      "version": "0.16.1",
      "resolved": "https://registry.npmjs.org/@material/mwc-textfield/-/mwc-textfield-0.16.1.tgz",
      "integrity": "sha512-uNaO12yvGgWRGoFT+079R8KpvcAQCNobldG1bqfakgLTkVA/jUCApThypgV5bpeYS2arVW2pIqnU6+q3r7DQbQ==",
      "requires": {
        "@material/floating-label": "=8.0.0-canary.c678a9d34.0",
        "@material/line-ripple": "=8.0.0-canary.c678a9d34.0",
        "@material/mwc-base": "^0.16.1",
        "@material/mwc-floating-label": "^0.16.1",
        "@material/mwc-line-ripple": "^0.16.1",
        "@material/mwc-notched-outline": "^0.16.1",
        "@material/textfield": "=8.0.0-canary.c678a9d34.0",
        "lit-element": "^2.3.0",
        "lit-html": "^1.1.2",
        "tslib": "^1.10.0"
      }
    },
    "@material/notched-outline": {
      "version": "8.0.0-canary.c678a9d34.0",
      "resolved": "https://registry.npmjs.org/@material/notched-outline/-/notched-outline-8.0.0-canary.c678a9d34.0.tgz",
      "integrity": "sha512-g3AdqX5ndHGbkKjbuGpssE9HQdZqei6J0ugj3FfKrg9IEZnkmV91oq+fPyJFSpPqaxrM9ZMQlutBy/HMd5UoaA==",
      "requires": {
        "@material/base": "8.0.0-canary.c678a9d34.0",
        "@material/feature-targeting": "8.0.0-canary.c678a9d34.0",
        "@material/floating-label": "8.0.0-canary.c678a9d34.0",
        "@material/rtl": "8.0.0-canary.c678a9d34.0",
        "@material/shape": "8.0.0-canary.c678a9d34.0",
        "@material/theme": "8.0.0-canary.c678a9d34.0",
        "tslib": "^1.9.3"
      }
    },
    "@material/radio": {
      "version": "8.0.0-canary.c678a9d34.0",
      "resolved": "https://registry.npmjs.org/@material/radio/-/radio-8.0.0-canary.c678a9d34.0.tgz",
      "integrity": "sha512-uNm/O/IpsRXmdRZTxTcX+nEmrfDhWIH+qwh1wWwa+I7Wp9ZhMNdfRpBaS6LDUKJIoCJnp3rYi2hqZkcW4B8F2w==",
      "requires": {
        "@material/animation": "8.0.0-canary.c678a9d34.0",
        "@material/base": "8.0.0-canary.c678a9d34.0",
        "@material/density": "8.0.0-canary.c678a9d34.0",
        "@material/dom": "8.0.0-canary.c678a9d34.0",
        "@material/feature-targeting": "8.0.0-canary.c678a9d34.0",
        "@material/ripple": "8.0.0-canary.c678a9d34.0",
        "@material/theme": "8.0.0-canary.c678a9d34.0",
        "@material/touch-target": "8.0.0-canary.c678a9d34.0",
        "tslib": "^1.9.3"
      }
    },
    "@material/ripple": {
      "version": "8.0.0-canary.c678a9d34.0",
      "resolved": "https://registry.npmjs.org/@material/ripple/-/ripple-8.0.0-canary.c678a9d34.0.tgz",
      "integrity": "sha512-WF70xRC170NLo2xT/ckxa0B4Nnn6Vd26F9nEyZTkWkc0xmnNbPryNfF1/TmvfntZV14KWr33p4cBVe+DK+VsHQ==",
      "requires": {
        "@material/animation": "8.0.0-canary.c678a9d34.0",
        "@material/base": "8.0.0-canary.c678a9d34.0",
        "@material/dom": "8.0.0-canary.c678a9d34.0",
        "@material/feature-targeting": "8.0.0-canary.c678a9d34.0",
        "@material/theme": "8.0.0-canary.c678a9d34.0",
        "tslib": "^1.9.3"
      }
    },
    "@material/rtl": {
      "version": "8.0.0-canary.c678a9d34.0",
      "resolved": "https://registry.npmjs.org/@material/rtl/-/rtl-8.0.0-canary.c678a9d34.0.tgz",
      "integrity": "sha512-BZlh1nW477QW5lME2XYpIyCNL2K7aNJA1hhrSpeFPQqkkq6EUDbVKWxGWw+mnsiL4xbkLGNChvbZ6cl1MCPDSw==",
      "requires": {
        "@material/theme": "8.0.0-canary.c678a9d34.0"
      }
    },
    "@material/shape": {
      "version": "8.0.0-canary.c678a9d34.0",
      "resolved": "https://registry.npmjs.org/@material/shape/-/shape-8.0.0-canary.c678a9d34.0.tgz",
      "integrity": "sha512-3yU1RnC9taNFm7WblhNZR2DrM1FvSvpGPKohMmBEuXKmyr1s2tfDA/5wWhtlIj7Ii90o6lNF4IA4AbPqlM5eGw==",
      "requires": {
        "@material/feature-targeting": "8.0.0-canary.c678a9d34.0",
        "@material/rtl": "8.0.0-canary.c678a9d34.0",
        "@material/theme": "8.0.0-canary.c678a9d34.0"
      }
    },
    "@material/textfield": {
      "version": "8.0.0-canary.c678a9d34.0",
      "resolved": "https://registry.npmjs.org/@material/textfield/-/textfield-8.0.0-canary.c678a9d34.0.tgz",
      "integrity": "sha512-g7VG6pTEc7BySOw9mYKkMLpHs+n4JwADtbBAT7ubtZKM5+cdM/qX4OxhARjCbK1qJbpTsHEzyVBkVDpm/BbyBA==",
      "requires": {
        "@material/animation": "8.0.0-canary.c678a9d34.0",
        "@material/base": "8.0.0-canary.c678a9d34.0",
        "@material/density": "8.0.0-canary.c678a9d34.0",
        "@material/dom": "8.0.0-canary.c678a9d34.0",
        "@material/feature-targeting": "8.0.0-canary.c678a9d34.0",
        "@material/floating-label": "8.0.0-canary.c678a9d34.0",
        "@material/line-ripple": "8.0.0-canary.c678a9d34.0",
        "@material/notched-outline": "8.0.0-canary.c678a9d34.0",
        "@material/ripple": "8.0.0-canary.c678a9d34.0",
        "@material/rtl": "8.0.0-canary.c678a9d34.0",
        "@material/shape": "8.0.0-canary.c678a9d34.0",
        "@material/theme": "8.0.0-canary.c678a9d34.0",
        "@material/typography": "8.0.0-canary.c678a9d34.0",
        "tslib": "^1.9.3"
      }
    },
    "@material/theme": {
      "version": "8.0.0-canary.c678a9d34.0",
      "resolved": "https://registry.npmjs.org/@material/theme/-/theme-8.0.0-canary.c678a9d34.0.tgz",
      "integrity": "sha512-WkdPpuBoTXGGmVgMbiSyERj3v1Bti4uBmn6lVdra280hnEsAZcsTGuKIpwlkXxfouSLxMaEvbVut+PKIjwUw5w==",
      "requires": {
        "@material/feature-targeting": "8.0.0-canary.c678a9d34.0"
      }
    },
    "@material/touch-target": {
      "version": "8.0.0-canary.c678a9d34.0",
      "resolved": "https://registry.npmjs.org/@material/touch-target/-/touch-target-8.0.0-canary.c678a9d34.0.tgz",
      "integrity": "sha512-MSAOtBjY8F7FZHRWR1yntj3snumS8HoZ/jcDM/Vvp0duYtrlwe+EVP81bh5t20fSQDzRJAZ2VHvbqXFRbPwvsw==",
      "requires": {
        "@material/base": "8.0.0-canary.c678a9d34.0",
        "@material/feature-targeting": "8.0.0-canary.c678a9d34.0"
      }
    },
    "@material/typography": {
      "version": "8.0.0-canary.c678a9d34.0",
      "resolved": "https://registry.npmjs.org/@material/typography/-/typography-8.0.0-canary.c678a9d34.0.tgz",
      "integrity": "sha512-vtlGVo5JUKCIbpQMI70QDQ1S58/nzM9mUQJhUSnZKcbZD5Q45CxwPiXSkdhFRpg3pnxScxQORJlVBnZTT80LyQ==",
      "requires": {
        "@material/feature-targeting": "8.0.0-canary.c678a9d34.0",
        "@material/theme": "8.0.0-canary.c678a9d34.0"
      }
    },
    "@webcomponents/webcomponentsjs": {
      "version": "2.4.3",
      "resolved": "https://registry.npmjs.org/@webcomponents/webcomponentsjs/-/webcomponentsjs-2.4.3.tgz",
      "integrity": "sha512-cV4+sAmshf8ysU2USutrSRYQkJzEYKHsRCGa0CkMElGpG5747VHtkfsW3NdVIBV/m2MDKXTDydT4lkrysH7IFA=="
    },
    "lit-element": {
      "version": "2.3.1",
      "resolved": "https://registry.npmjs.org/lit-element/-/lit-element-2.3.1.tgz",
      "integrity": "sha512-tOcUAmeO3BzwiQ7FGWdsshNvC0HVHcTFYw/TLIImmKwXYoV0E7zCBASa8IJ7DiP4cen/Yoj454gS0qqTnIGsFA==",
      "requires": {
        "lit-html": "^1.1.1"
      }
    },
    "lit-html": {
      "version": "1.2.1",
      "resolved": "https://registry.npmjs.org/lit-html/-/lit-html-1.2.1.tgz",
      "integrity": "sha512-GSJHHXMGLZDzTRq59IUfL9FCdAlGfqNp/dEa7k7aBaaWD+JKaCjsAk9KYm2V12ItonVaYx2dprN66Zdm1AuBTQ=="
    },
    "tslib": {
      "version": "1.13.0",
      "resolved": "https://registry.npmjs.org/tslib/-/tslib-1.13.0.tgz",
      "integrity": "sha512-i/6DQjL8Xf3be4K/E6Wgpekn5Qasl1usyw++dAA35Ue5orEn65VIxOA+YvNNl9HV3qv70T7CNwjODHZrLwvd1Q=="
    }
  }
}
